// !$*UTF8*$!
{
	archiveVersion = 1;
	classes = {
	};
	objectVersion = 50;
	objects = {

/* Begin PBXBuildFile section */
		47B105ACDABF2B130B55F0C9 /* Pods_OpenCVDemo.framework in Frameworks */ = {isa = PBXBuildFile; fileRef = 9319D6916BA1336A8997D85D /* Pods_OpenCVDemo.framework */; };
		8D13D3A7217EB54A00566E77 /* TakePictureViewController.mm in Sources */ = {isa = PBXBuildFile; fileRef = 8D13D3A6217EB54A00566E77 /* TakePictureViewController.mm */; };
		8D13D3AA217EF4D300566E77 /* ProgressView.m in Sources */ = {isa = PBXBuildFile; fileRef = 8D13D3A9217EF4D300566E77 /* ProgressView.m */; };
		8D1F5FC8218C3AAD004D2E3B /* MainViewController.m in Sources */ = {isa = PBXBuildFile; fileRef = 8D1F5FC7218C3AAD004D2E3B /* MainViewController.m */; };
		8D742053217D9B4C00AA6691 /* TakePhotoViewController.m in Sources */ = {isa = PBXBuildFile; fileRef = 8D742052217D9B4C00AA6691 /* TakePhotoViewController.m */; };
		8DC1B210218FDEEB00252FA3 /* EditImageViewController.mm in Sources */ = {isa = PBXBuildFile; fileRef = 8DC1B20F218FDEEB00252FA3 /* EditImageViewController.mm */; };
		8DC835A72175F3050009423F /* AppDelegate.m in Sources */ = {isa = PBXBuildFile; fileRef = 8DC835A62175F3050009423F /* AppDelegate.m */; };
		8DC835AD2175F3050009423F /* Main.storyboard in Resources */ = {isa = PBXBuildFile; fileRef = 8DC835AB2175F3050009423F /* Main.storyboard */; };
		8DC835AF2175F3060009423F /* Assets.xcassets in Resources */ = {isa = PBXBuildFile; fileRef = 8DC835AE2175F3060009423F /* Assets.xcassets */; };
		8DC835B22175F3060009423F /* LaunchScreen.storyboard in Resources */ = {isa = PBXBuildFile; fileRef = 8DC835B02175F3060009423F /* LaunchScreen.storyboard */; };
		8DC835B52175F3060009423F /* main.m in Sources */ = {isa = PBXBuildFile; fileRef = 8DC835B42175F3060009423F /* main.m */; };
		8DEBFBA0218A87DB00401A6F /* Scanner.cpp in Sources */ = {isa = PBXBuildFile; fileRef = 8DEBFB9E218A87DB00401A6F /* Scanner.cpp */; };
/* End PBXBuildFile section */

/* Begin PBXContainerItemProxy section */
		8DC835BB2175F3060009423F /* PBXContainerItemProxy */ = {
			isa = PBXContainerItemProxy;
			containerPortal = 8DC8359A2175F3050009423F /* Project object */;
			proxyType = 1;
			remoteGlobalIDString = 8DC835A12175F3050009423F;
			remoteInfo = OpenCVDemo;
		};
		8DC835C62175F3060009423F /* PBXContainerItemProxy */ = {
			isa = PBXContainerItemProxy;
			containerPortal = 8DC8359A2175F3050009423F /* Project object */;
			proxyType = 1;
			remoteGlobalIDString = 8DC835A12175F3050009423F;
			remoteInfo = OpenCVDemo;
		};
/* End PBXContainerItemProxy section */

/* Begin PBXFileReference section */
		00CB935AEEBB15CA89C845FF /* Pods-OpenCVDemo.release.xcconfig */ = {isa = PBXFileReference; includeInIndex = 1; lastKnownFileType = text.xcconfig; name = "Pods-OpenCVDemo.release.xcconfig"; path = "Pods/Target Support Files/Pods-OpenCVDemo/Pods-OpenCVDemo.release.xcconfig"; sourceTree = "<group>"; };
		8D13D3A5217EB54A00566E77 /* TakePictureViewController.h */ = {isa = PBXFileReference; lastKnownFileType = sourcecode.c.h; path = TakePictureViewController.h; sourceTree = "<group>"; };
		8D13D3A6217EB54A00566E77 /* TakePictureViewController.mm */ = {isa = PBXFileReference; lastKnownFileType = sourcecode.cpp.objcpp; path = TakePictureViewController.mm; sourceTree = "<group>"; };
		8D13D3A8217EF4D300566E77 /* ProgressView.h */ = {isa = PBXFileReference; lastKnownFileType = sourcecode.c.h; path = ProgressView.h; sourceTree = "<group>"; };
		8D13D3A9217EF4D300566E77 /* ProgressView.m */ = {isa = PBXFileReference; lastKnownFileType = sourcecode.c.objc; path = ProgressView.m; sourceTree = "<group>"; };
		8D1F5FC6218C3AAD004D2E3B /* MainViewController.h */ = {isa = PBXFileReference; lastKnownFileType = sourcecode.c.h; path = MainViewController.h; sourceTree = "<group>"; };
		8D1F5FC7218C3AAD004D2E3B /* MainViewController.m */ = {isa = PBXFileReference; lastKnownFileType = sourcecode.c.objc; path = MainViewController.m; sourceTree = "<group>"; };
		8D742051217D9B4C00AA6691 /* TakePhotoViewController.h */ = {isa = PBXFileReference; lastKnownFileType = sourcecode.c.h; path = TakePhotoViewController.h; sourceTree = "<group>"; };
		8D742052217D9B4C00AA6691 /* TakePhotoViewController.m */ = {isa = PBXFileReference; lastKnownFileType = sourcecode.c.objc; path = TakePhotoViewController.m; sourceTree = "<group>"; };
		8DC1B20E218FDEEB00252FA3 /* EditImageViewController.h */ = {isa = PBXFileReference; lastKnownFileType = sourcecode.c.h; path = EditImageViewController.h; sourceTree = "<group>"; };
		8DC1B20F218FDEEB00252FA3 /* EditImageViewController.mm */ = {isa = PBXFileReference; lastKnownFileType = sourcecode.cpp.objcpp; path = EditImageViewController.mm; sourceTree = "<group>"; };
		8DC835A22175F3050009423F /* OpenCVDemo.app */ = {isa = PBXFileReference; explicitFileType = wrapper.application; includeInIndex = 0; path = OpenCVDemo.app; sourceTree = BUILT_PRODUCTS_DIR; };
		8DC835A52175F3050009423F /* AppDelegate.h */ = {isa = PBXFileReference; lastKnownFileType = sourcecode.c.h; path = AppDelegate.h; sourceTree = "<group>"; };
		8DC835A62175F3050009423F /* AppDelegate.m */ = {isa = PBXFileReference; lastKnownFileType = sourcecode.c.objc; path = AppDelegate.m; sourceTree = "<group>"; };
		8DC835AC2175F3050009423F /* Base */ = {isa = PBXFileReference; lastKnownFileType = file.storyboard; name = Base; path = Base.lproj/Main.storyboard; sourceTree = "<group>"; };
		8DC835AE2175F3060009423F /* Assets.xcassets */ = {isa = PBXFileReference; lastKnownFileType = folder.assetcatalog; path = Assets.xcassets; sourceTree = "<group>"; };
		8DC835B12175F3060009423F /* Base */ = {isa = PBXFileReference; lastKnownFileType = file.storyboard; name = Base; path = Base.lproj/LaunchScreen.storyboard; sourceTree = "<group>"; };
		8DC835B32175F3060009423F /* Info.plist */ = {isa = PBXFileReference; lastKnownFileType = text.plist.xml; path = Info.plist; sourceTree = "<group>"; };
		8DC835B42175F3060009423F /* main.m */ = {isa = PBXFileReference; lastKnownFileType = sourcecode.c.objc; path = main.m; sourceTree = "<group>"; };
		8DC835BA2175F3060009423F /* OpenCVDemoTests.xctest */ = {isa = PBXFileReference; explicitFileType = wrapper.cfbundle; includeInIndex = 0; path = OpenCVDemoTests.xctest; sourceTree = BUILT_PRODUCTS_DIR; };
		8DC835C52175F3060009423F /* OpenCVDemoUITests.xctest */ = {isa = PBXFileReference; explicitFileType = wrapper.cfbundle; includeInIndex = 0; path = OpenCVDemoUITests.xctest; sourceTree = BUILT_PRODUCTS_DIR; };
		8DEBFB9E218A87DB00401A6F /* Scanner.cpp */ = {isa = PBXFileReference; fileEncoding = 4; lastKnownFileType = sourcecode.cpp.cpp; path = Scanner.cpp; sourceTree = "<group>"; };
		8DEBFB9F218A87DB00401A6F /* Scanner.h */ = {isa = PBXFileReference; fileEncoding = 4; lastKnownFileType = sourcecode.c.h; path = Scanner.h; sourceTree = "<group>"; };
		8DF476BB21786874003A54A7 /* OpenCVDemo.pch */ = {isa = PBXFileReference; lastKnownFileType = sourcecode.c.h; path = OpenCVDemo.pch; sourceTree = "<group>"; };
		9319D6916BA1336A8997D85D /* Pods_OpenCVDemo.framework */ = {isa = PBXFileReference; explicitFileType = wrapper.framework; includeInIndex = 0; path = Pods_OpenCVDemo.framework; sourceTree = BUILT_PRODUCTS_DIR; };
		A76A7E0CB92B1874AD51CB46 /* Pods-OpenCVDemo.debug.xcconfig */ = {isa = PBXFileReference; includeInIndex = 1; lastKnownFileType = text.xcconfig; name = "Pods-OpenCVDemo.debug.xcconfig"; path = "Pods/Target Support Files/Pods-OpenCVDemo/Pods-OpenCVDemo.debug.xcconfig"; sourceTree = "<group>"; };
/* End PBXFileReference section */

/* Begin PBXFrameworksBuildPhase section */
		8DC8359F2175F3050009423F /* Frameworks */ = {
			isa = PBXFrameworksBuildPhase;
			buildActionMask = 2147483647;
			files = (
				47B105ACDABF2B130B55F0C9 /* Pods_OpenCVDemo.framework in Frameworks */,
			);
			runOnlyForDeploymentPostprocessing = 0;
		};
		8DC835B72175F3060009423F /* Frameworks */ = {
			isa = PBXFrameworksBuildPhase;
			buildActionMask = 2147483647;
			files = (
			);
			runOnlyForDeploymentPostprocessing = 0;
		};
		8DC835C22175F3060009423F /* Frameworks */ = {
			isa = PBXFrameworksBuildPhase;
			buildActionMask = 2147483647;
			files = (
			);
			runOnlyForDeploymentPostprocessing = 0;
		};
/* End PBXFrameworksBuildPhase section */

/* Begin PBXGroup section */
		404639DF10855C326258A37C /* Frameworks */ = {
			isa = PBXGroup;
			children = (
				9319D6916BA1336A8997D85D /* Pods_OpenCVDemo.framework */,
			);
			name = Frameworks;
			sourceTree = "<group>";
		};
		8DC835992175F3050009423F = {
			isa = PBXGroup;
			children = (
				8DC835A42175F3050009423F /* OpenCVDemo */,
				8DC835A32175F3050009423F /* Products */,
				C2510C7D0EED18455C715131 /* Pods */,
				404639DF10855C326258A37C /* Frameworks */,
			);
			sourceTree = "<group>";
		};
		8DC835A32175F3050009423F /* Products */ = {
			isa = PBXGroup;
			children = (
				8DC835A22175F3050009423F /* OpenCVDemo.app */,
				8DC835BA2175F3060009423F /* OpenCVDemoTests.xctest */,
				8DC835C52175F3060009423F /* OpenCVDemoUITests.xctest */,
			);
			name = Products;
			sourceTree = "<group>";
		};
		8DC835A42175F3050009423F /* OpenCVDemo */ = {
			isa = PBXGroup;
			children = (
				8DC835A52175F3050009423F /* AppDelegate.h */,
				8DC835A62175F3050009423F /* AppDelegate.m */,
				8D1F5FC6218C3AAD004D2E3B /* MainViewController.h */,
				8D1F5FC7218C3AAD004D2E3B /* MainViewController.m */,
				8DC1B20E218FDEEB00252FA3 /* EditImageViewController.h */,
				8DC1B20F218FDEEB00252FA3 /* EditImageViewController.mm */,
				8D13D3A5217EB54A00566E77 /* TakePictureViewController.h */,
				8D13D3A6217EB54A00566E77 /* TakePictureViewController.mm */,
				8D742051217D9B4C00AA6691 /* TakePhotoViewController.h */,
				8D742052217D9B4C00AA6691 /* TakePhotoViewController.m */,
				8D13D3A8217EF4D300566E77 /* ProgressView.h */,
				8D13D3A9217EF4D300566E77 /* ProgressView.m */,
				8DF476BB21786874003A54A7 /* OpenCVDemo.pch */,
				8DC835AE2175F3060009423F /* Assets.xcassets */,
				8DC835B32175F3060009423F /* Info.plist */,
				8DC835B42175F3060009423F /* main.m */,
				8DC835AB2175F3050009423F /* Main.storyboard */,
				8DC835B02175F3060009423F /* LaunchScreen.storyboard */,
				8DEBFB9E218A87DB00401A6F /* Scanner.cpp */,
				8DEBFB9F218A87DB00401A6F /* Scanner.h */,
			);
			path = OpenCVDemo;
			sourceTree = "<group>";
		};
		C2510C7D0EED18455C715131 /* Pods */ = {
			isa = PBXGroup;
			children = (
				A76A7E0CB92B1874AD51CB46 /* Pods-OpenCVDemo.debug.xcconfig */,
				00CB935AEEBB15CA89C845FF /* Pods-OpenCVDemo.release.xcconfig */,
			);
			name = Pods;
			sourceTree = "<group>";
		};
/* End PBXGroup section */

/* Begin PBXNativeTarget section */
		8DC835A12175F3050009423F /* OpenCVDemo */ = {
			isa = PBXNativeTarget;
			buildConfigurationList = 8DC835CE2175F3060009423F /* Build configuration list for PBXNativeTarget "OpenCVDemo" */;
			buildPhases = (
				D331BF0ABF2C83F83C860DD0 /* [CP] Check Pods Manifest.lock */,
				8DC8359E2175F3050009423F /* Sources */,
				8DC8359F2175F3050009423F /* Frameworks */,
				8DC835A02175F3050009423F /* Resources */,
				6AC6360ADB73243A3767CEAC /* [CP] Embed Pods Frameworks */,
			);
			buildRules = (
			);
			dependencies = (
			);
			name = OpenCVDemo;
			productName = OpenCVDemo;
			productReference = 8DC835A22175F3050009423F /* OpenCVDemo.app */;
			productType = "com.apple.product-type.application";
		};
		8DC835B92175F3060009423F /* OpenCVDemoTests */ = {
			isa = PBXNativeTarget;
			buildConfigurationList = 8DC835D12175F3060009423F /* Build configuration list for PBXNativeTarget "OpenCVDemoTests" */;
			buildPhases = (
				8DC835B62175F3060009423F /* Sources */,
				8DC835B72175F3060009423F /* Frameworks */,
				8DC835B82175F3060009423F /* Resources */,
			);
			buildRules = (
			);
			dependencies = (
				8DC835BC2175F3060009423F /* PBXTargetDependency */,
			);
			name = OpenCVDemoTests;
			productName = OpenCVDemoTests;
			productReference = 8DC835BA2175F3060009423F /* OpenCVDemoTests.xctest */;
			productType = "com.apple.product-type.bundle.unit-test";
		};
		8DC835C42175F3060009423F /* OpenCVDemoUITests */ = {
			isa = PBXNativeTarget;
			buildConfigurationList = 8DC835D42175F3060009423F /* Build configuration list for PBXNativeTarget "OpenCVDemoUITests" */;
			buildPhases = (
				8DC835C12175F3060009423F /* Sources */,
				8DC835C22175F3060009423F /* Frameworks */,
				8DC835C32175F3060009423F /* Resources */,
			);
			buildRules = (
			);
			dependencies = (
				8DC835C72175F3060009423F /* PBXTargetDependency */,
			);
			name = OpenCVDemoUITests;
			productName = OpenCVDemoUITests;
			productReference = 8DC835C52175F3060009423F /* OpenCVDemoUITests.xctest */;
			productType = "com.apple.product-type.bundle.ui-testing";
		};
/* End PBXNativeTarget section */

/* Begin PBXProject section */
		8DC8359A2175F3050009423F /* Project object */ = {
			isa = PBXProject;
			attributes = {
				LastUpgradeCheck = 1000;
				ORGANIZATIONNAME = boljonggo;
				TargetAttributes = {
					8DC835A12175F3050009423F = {
						CreatedOnToolsVersion = 10.0;
					};
					8DC835B92175F3060009423F = {
						CreatedOnToolsVersion = 10.0;
						TestTargetID = 8DC835A12175F3050009423F;
					};
					8DC835C42175F3060009423F = {
						CreatedOnToolsVersion = 10.0;
						TestTargetID = 8DC835A12175F3050009423F;
					};
				};
			};
			buildConfigurationList = 8DC8359D2175F3050009423F /* Build configuration list for PBXProject "OpenCVDemo" */;
			compatibilityVersion = "Xcode 9.3";
			developmentRegion = en;
			hasScannedForEncodings = 0;
			knownRegions = (
				en,
				Base,
			);
			mainGroup = 8DC835992175F3050009423F;
			productRefGroup = 8DC835A32175F3050009423F /* Products */;
			projectDirPath = "";
			projectRoot = "";
			targets = (
				8DC835A12175F3050009423F /* OpenCVDemo */,
				8DC835B92175F3060009423F /* OpenCVDemoTests */,
				8DC835C42175F3060009423F /* OpenCVDemoUITests */,
			);
		};
/* End PBXProject section */

/* Begin PBXResourcesBuildPhase section */
		8DC835A02175F3050009423F /* Resources */ = {
			isa = PBXResourcesBuildPhase;
			buildActionMask = 2147483647;
			files = (
				8DC835B22175F3060009423F /* LaunchScreen.storyboard in Resources */,
				8DC835AF2175F3060009423F /* Assets.xcassets in Resources */,
				8DC835AD2175F3050009423F /* Main.storyboard in Resources */,
			);
			runOnlyForDeploymentPostprocessing = 0;
		};
		8DC835B82175F3060009423F /* Resources */ = {
			isa = PBXResourcesBuildPhase;
			buildActionMask = 2147483647;
			files = (
			);
			runOnlyForDeploymentPostprocessing = 0;
		};
		8DC835C32175F3060009423F /* Resources */ = {
			isa = PBXResourcesBuildPhase;
			buildActionMask = 2147483647;
			files = (
			);
			runOnlyForDeploymentPostprocessing = 0;
		};
/* End PBXResourcesBuildPhase section */

/* Begin PBXShellScriptBuildPhase section */
		6AC6360ADB73243A3767CEAC /* [CP] Embed Pods Frameworks */ = {
			isa = PBXShellScriptBuildPhase;
			buildActionMask = 2147483647;
			files = (
			);
			inputFileListPaths = (
			);
			inputPaths = (
				"${SRCROOT}/Pods/Target Support Files/Pods-OpenCVDemo/Pods-OpenCVDemo-frameworks.sh",
				"${BUILT_PRODUCTS_DIR}/FDFullscreenPopGesture/FDFullscreenPopGesture.framework",
			);
			name = "[CP] Embed Pods Frameworks";
			outputFileListPaths = (
			);
			outputPaths = (
				"${TARGET_BUILD_DIR}/${FRAMEWORKS_FOLDER_PATH}/FDFullscreenPopGesture.framework",
			);
			runOnlyForDeploymentPostprocessing = 0;
			shellPath = /bin/sh;
			shellScript = "\"${SRCROOT}/Pods/Target Support Files/Pods-OpenCVDemo/Pods-OpenCVDemo-frameworks.sh\"\n";
			showEnvVarsInLog = 0;
		};
		D331BF0ABF2C83F83C860DD0 /* [CP] Check Pods Manifest.lock */ = {
			isa = PBXShellScriptBuildPhase;
			buildActionMask = 2147483647;
			files = (
			);
			inputFileListPaths = (
			);
			inputPaths = (
				"${PODS_PODFILE_DIR_PATH}/Podfile.lock",
				"${PODS_ROOT}/Manifest.lock",
			);
			name = "[CP] Check Pods Manifest.lock";
			outputFileListPaths = (
			);
			outputPaths = (
				"$(DERIVED_FILE_DIR)/Pods-OpenCVDemo-checkManifestLockResult.txt",
			);
			runOnlyForDeploymentPostprocessing = 0;
			shellPath = /bin/sh;
			shellScript = "diff \"${PODS_PODFILE_DIR_PATH}/Podfile.lock\" \"${PODS_ROOT}/Manifest.lock\" > /dev/null\nif [ $? != 0 ] ; then\n    # print error to STDERR\n    echo \"error: The sandbox is not in sync with the Podfile.lock. Run 'pod install' or update your CocoaPods installation.\" >&2\n    exit 1\nfi\n# This output is used by Xcode 'outputs' to avoid re-running this script phase.\necho \"SUCCESS\" > \"${SCRIPT_OUTPUT_FILE_0}\"\n";
			showEnvVarsInLog = 0;
		};
/* End PBXShellScriptBuildPhase section */

/* Begin PBXSourcesBuildPhase section */
		8DC8359E2175F3050009423F /* Sources */ = {
			isa = PBXSourcesBuildPhase;
			buildActionMask = 2147483647;
			files = (
				8D13D3AA217EF4D300566E77 /* ProgressView.m in Sources */,
				8DC1B210218FDEEB00252FA3 /* EditImageViewController.mm in Sources */,
				8DC835B52175F3060009423F /* main.m in Sources */,
				8DEBFBA0218A87DB00401A6F /* Scanner.cpp in Sources */,
				8D1F5FC8218C3AAD004D2E3B /* MainViewController.m in Sources */,
				8DC835A72175F3050009423F /* AppDelegate.m in Sources */,
				8D742053217D9B4C00AA6691 /* TakePhotoViewController.m in Sources */,
				8D13D3A7217EB54A00566E77 /* TakePictureViewController.mm in Sources */,
			);
			runOnlyForDeploymentPostprocessing = 0;
		};
		8DC835B62175F3060009423F /* Sources */ = {
			isa = PBXSourcesBuildPhase;
			buildActionMask = 2147483647;
			files = (
			);
			runOnlyForDeploymentPostprocessing = 0;
		};
		8DC835C12175F3060009423F /* Sources */ = {
			isa = PBXSourcesBuildPhase;
			buildActionMask = 2147483647;
			files = (
			);
			runOnlyForDeploymentPostprocessing = 0;
		};
/* End PBXSourcesBuildPhase section */

/* Begin PBXTargetDependency section */
		8DC835BC2175F3060009423F /* PBXTargetDependency */ = {
			isa = PBXTargetDependency;
			target = 8DC835A12175F3050009423F /* OpenCVDemo */;
			targetProxy = 8DC835BB2175F3060009423F /* PBXContainerItemProxy */;
		};
		8DC835C72175F3060009423F /* PBXTargetDependency */ = {
			isa = PBXTargetDependency;
			target = 8DC835A12175F3050009423F /* OpenCVDemo */;
			targetProxy = 8DC835C62175F3060009423F /* PBXContainerItemProxy */;
		};
/* End PBXTargetDependency section */

/* Begin PBXVariantGroup section */
		8DC835AB2175F3050009423F /* Main.storyboard */ = {
			isa = PBXVariantGroup;
			children = (
				8DC835AC2175F3050009423F /* Base */,
			);
			name = Main.storyboard;
			sourceTree = "<group>";
		};
		8DC835B02175F3060009423F /* LaunchScreen.storyboard */ = {
			isa = PBXVariantGroup;
			children = (
				8DC835B12175F3060009423F /* Base */,
			);
			name = LaunchScreen.storyboard;
			sourceTree = "<group>";
		};
/* End PBXVariantGroup section */

/* Begin XCBuildConfiguration section */
		8DC835CC2175F3060009423F /* Debug */ = {
			isa = XCBuildConfiguration;
			buildSettings = {
				ALWAYS_SEARCH_USER_PATHS = NO;
				CLANG_ANALYZER_NONNULL = YES;
				CLANG_ANALYZER_NUMBER_OBJECT_CONVERSION = YES_AGGRESSIVE;
				CLANG_CXX_LANGUAGE_STANDARD = "gnu++14";
				CLANG_CXX_LIBRARY = "libc++";
				CLANG_ENABLE_MODULES = YES;
				CLANG_ENABLE_OBJC_ARC = YES;
				CLANG_ENABLE_OBJC_WEAK = YES;
				CLANG_WARN_BLOCK_CAPTURE_AUTORELEASING = YES;
				CLANG_WARN_BOOL_CONVERSION = YES;
				CLANG_WARN_COMMA = YES;
				CLANG_WARN_CONSTANT_CONVERSION = YES;
				CLANG_WARN_DEPRECATED_OBJC_IMPLEMENTATIONS = YES;
				CLANG_WARN_DIRECT_OBJC_ISA_USAGE = YES_ERROR;
				CLANG_WARN_DOCUMENTATION_COMMENTS = YES;
				CLANG_WARN_EMPTY_BODY = YES;
				CLANG_WARN_ENUM_CONVERSION = YES;
				CLANG_WARN_INFINITE_RECURSION = YES;
				CLANG_WARN_INT_CONVERSION = YES;
				CLANG_WARN_NON_LITERAL_NULL_CONVERSION = YES;
				CLANG_WARN_OBJC_IMPLICIT_RETAIN_SELF = YES;
				CLANG_WARN_OBJC_LITERAL_CONVERSION = YES;
				CLANG_WARN_OBJC_ROOT_CLASS = YES_ERROR;
				CLANG_WARN_RANGE_LOOP_ANALYSIS = YES;
				CLANG_WARN_STRICT_PROTOTYPES = YES;
				CLANG_WARN_SUSPICIOUS_MOVE = YES;
				CLANG_WARN_UNGUARDED_AVAILABILITY = YES_AGGRESSIVE;
				CLANG_WARN_UNREACHABLE_CODE = YES;
				CLANG_WARN__DUPLICATE_METHOD_MATCH = YES;
				CODE_SIGN_IDENTITY = "iPhone Developer";
				COPY_PHASE_STRIP = NO;
				DEBUG_INFORMATION_FORMAT = dwarf;
				ENABLE_STRICT_OBJC_MSGSEND = YES;
				ENABLE_TESTABILITY = YES;
				GCC_C_LANGUAGE_STANDARD = gnu11;
				GCC_DYNAMIC_NO_PIC = NO;
				GCC_NO_COMMON_BLOCKS = YES;
				GCC_OPTIMIZATION_LEVEL = 0;
				GCC_PREPROCESSOR_DEFINITIONS = (
					"DEBUG=1",
					"$(inherited)",
				);
				GCC_WARN_64_TO_32_BIT_CONVERSION = YES;
				GCC_WARN_ABOUT_RETURN_TYPE = YES_ERROR;
				GCC_WARN_UNDECLARED_SELECTOR = YES;
				GCC_WARN_UNINITIALIZED_AUTOS = YES_AGGRESSIVE;
				GCC_WARN_UNUSED_FUNCTION = YES;
				GCC_WARN_UNUSED_VARIABLE = YES;
				IPHONEOS_DEPLOYMENT_TARGET = 8.0;
				MTL_ENABLE_DEBUG_INFO = INCLUDE_SOURCE;
				MTL_FAST_MATH = YES;
				ONLY_ACTIVE_ARCH = YES;
				SDKROOT = iphoneos;
			};
			name = Debug;
		};
		8DC835CD2175F3060009423F /* Release */ = {
			isa = XCBuildConfiguration;
			buildSettings = {
				ALWAYS_SEARCH_USER_PATHS = NO;
				CLANG_ANALYZER_NONNULL = YES;
				CLANG_ANALYZER_NUMBER_OBJECT_CONVERSION = YES_AGGRESSIVE;
				CLANG_CXX_LANGUAGE_STANDARD = "gnu++14";
				CLANG_CXX_LIBRARY = "libc++";
				CLANG_ENABLE_MODULES = YES;
				CLANG_ENABLE_OBJC_ARC = YES;
				CLANG_ENABLE_OBJC_WEAK = YES;
				CLANG_WARN_BLOCK_CAPTURE_AUTORELEASING = YES;
				CLANG_WARN_BOOL_CONVERSION = YES;
				CLANG_WARN_COMMA = YES;
				CLANG_WARN_CONSTANT_CONVERSION = YES;
				CLANG_WARN_DEPRECATED_OBJC_IMPLEMENTATIONS = YES;
				CLANG_WARN_DIRECT_OBJC_ISA_USAGE = YES_ERROR;
				CLANG_WARN_DOCUMENTATION_COMMENTS = YES;
				CLANG_WARN_EMPTY_BODY = YES;
				CLANG_WARN_ENUM_CONVERSION = YES;
				CLANG_WARN_INFINITE_RECURSION = YES;
				CLANG_WARN_INT_CONVERSION = YES;
				CLANG_WARN_NON_LITERAL_NULL_CONVERSION = YES;
				CLANG_WARN_OBJC_IMPLICIT_RETAIN_SELF = YES;
				CLANG_WARN_OBJC_LITERAL_CONVERSION = YES;
				CLANG_WARN_OBJC_ROOT_CLASS = YES_ERROR;
				CLANG_WARN_RANGE_LOOP_ANALYSIS = YES;
				CLANG_WARN_STRICT_PROTOTYPES = YES;
				CLANG_WARN_SUSPICIOUS_MOVE = YES;
				CLANG_WARN_UNGUARDED_AVAILABILITY = YES_AGGRESSIVE;
				CLANG_WARN_UNREACHABLE_CODE = YES;
				CLANG_WARN__DUPLICATE_METHOD_MATCH = YES;
				CODE_SIGN_IDENTITY = "iPhone Developer";
				COPY_PHASE_STRIP = NO;
				DEBUG_INFORMATION_FORMAT = "dwarf-with-dsym";
				ENABLE_NS_ASSERTIONS = NO;
				ENABLE_STRICT_OBJC_MSGSEND = YES;
				GCC_C_LANGUAGE_STANDARD = gnu11;
				GCC_NO_COMMON_BLOCKS = YES;
				GCC_WARN_64_TO_32_BIT_CONVERSION = YES;
				GCC_WARN_ABOUT_RETURN_TYPE = YES_ERROR;
				GCC_WARN_UNDECLARED_SELECTOR = YES;
				GCC_WARN_UNINITIALIZED_AUTOS = YES_AGGRESSIVE;
				GCC_WARN_UNUSED_FUNCTION = YES;
				GCC_WARN_UNUSED_VARIABLE = YES;
				IPHONEOS_DEPLOYMENT_TARGET = 8.0;
				MTL_ENABLE_DEBUG_INFO = NO;
				MTL_FAST_MATH = YES;
				SDKROOT = iphoneos;
				VALIDATE_PRODUCT = YES;
			};
			name = Release;
		};
		8DC835CF2175F3060009423F /* Debug */ = {
			isa = XCBuildConfiguration;
			baseConfigurationReference = A76A7E0CB92B1874AD51CB46 /* Pods-OpenCVDemo.debug.xcconfig */;
			buildSettings = {
				ASSETCATALOG_COMPILER_APPICON_NAME = AppIcon;
				ASSETCATALOG_COMPILER_LAUNCHIMAGE_NAME = LaunchImage;
				CODE_SIGN_IDENTITY = "iPhone Developer";
				CODE_SIGN_STYLE = Manual;
				DEVELOPMENT_TEAM = HYH5CAUK5Z;
				GCC_PRECOMPILE_PREFIX_HEADER = YES;
				GCC_PREFIX_HEADER = "$(SRCROOT)/OpenCVDemo/OpenCVDemo.pch";
				INFOPLIST_FILE = OpenCVDemo/Info.plist;
				LD_RUNPATH_SEARCH_PATHS = (
					"$(inherited)",
					"@executable_path/Frameworks",
				);
				PRODUCT_BUNDLE_IDENTIFIER = com.boljonggo.app;
				PRODUCT_NAME = "$(TARGET_NAME)";
				PROVISIONING_PROFILE_SPECIFIER = "boljonggo_ Development";
				TARGETED_DEVICE_FAMILY = "1,2";
			};
			name = Debug;
		};
		8DC835D02175F3060009423F /* Release */ = {
			isa = XCBuildConfiguration;
			baseConfigurationReference = 00CB935AEEBB15CA89C845FF /* Pods-OpenCVDemo.release.xcconfig */;
			buildSettings = {
				ASSETCATALOG_COMPILER_APPICON_NAME = AppIcon;
				ASSETCATALOG_COMPILER_LAUNCHIMAGE_NAME = LaunchImage;
				CODE_SIGN_IDENTITY = "iPhone Developer";
				CODE_SIGN_STYLE = Manual;
				DEVELOPMENT_TEAM = "";
				GCC_PRECOMPILE_PREFIX_HEADER = YES;
				GCC_PREFIX_HEADER = "$(SRCROOT)/OpenCVDemo/OpenCVDemo.pch";
				INFOPLIST_FILE = OpenCVDemo/Info.plist;
				LD_RUNPATH_SEARCH_PATHS = (
					"$(inherited)",
					"@executable_path/Frameworks",
				);
				PRODUCT_BUNDLE_IDENTIFIER = com.boljonggo.app;
				PRODUCT_NAME = "$(TARGET_NAME)";
				PROVISIONING_PROFILE_SPECIFIER = "";
				TARGETED_DEVICE_FAMILY = "1,2";
			};
			name = Release;
		};
		8DC835D22175F3060009423F /* Debug */ = {
			isa = XCBuildConfiguration;
			buildSettings = {
				BUNDLE_LOADER = "$(TEST_HOST)";
				CODE_SIGN_STYLE = Automatic;
				INFOPLIST_FILE = OpenCVDemoTests/Info.plist;
				LD_RUNPATH_SEARCH_PATHS = (
					"$(inherited)",
					"@executable_path/Frameworks",
					"@loader_path/Frameworks",
				);
				PRODUCT_BUNDLE_IDENTIFIER = com.boljonggo.OpenCVDemoTests;
				PRODUCT_NAME = "$(TARGET_NAME)";
				TARGETED_DEVICE_FAMILY = "1,2";
				TEST_HOST = "$(BUILT_PRODUCTS_DIR)/OpenCVDemo.app/OpenCVDemo";
			};
			name = Debug;
		};
		8DC835D32175F3060009423F /* Release */ = {
			isa = XCBuildConfiguration;
			buildSettings = {
				BUNDLE_LOADER = "$(TEST_HOST)";
				CODE_SIGN_STYLE = Automatic;
				INFOPLIST_FILE = OpenCVDemoTests/Info.plist;
				LD_RUNPATH_SEARCH_PATHS = (
					"$(inherited)",
					"@executable_path/Frameworks",
					"@loader_path/Frameworks",
				);
				PRODUCT_BUNDLE_IDENTIFIER = com.boljonggo.OpenCVDemoTests;
				PRODUCT_NAME = "$(TARGET_NAME)";
				TARGETED_DEVICE_FAMILY = "1,2";
				TEST_HOST = "$(BUILT_PRODUCTS_DIR)/OpenCVDemo.app/OpenCVDemo";
			};
			name = Release;
		};
		8DC835D52175F3060009423F /* Debug */ = {
			isa = XCBuildConfiguration;
			buildSettings = {
				CODE_SIGN_STYLE = Automatic;
				INFOPLIST_FILE = OpenCVDemoUITests/Info.plist;
				LD_RUNPATH_SEARCH_PATHS = (
					"$(inherited)",
					"@executable_path/Frameworks",
					"@loader_path/Frameworks",
				);
				PRODUCT_BUNDLE_IDENTIFIER = com.boljonggo.OpenCVDemoUITests;
				PRODUCT_NAME = "$(TARGET_NAME)";
				TARGETED_DEVICE_FAMILY = "1,2";
				TEST_TARGET_NAME = OpenCVDemo;
			};
			name = Debug;
		};
		8DC835D62175F3060009423F /* Release */ = {
			isa = XCBuildConfiguration;
			buildSettings = {
				CODE_SIGN_STYLE = Automatic;
				INFOPLIST_FILE = OpenCVDemoUITests/Info.plist;
				LD_RUNPATH_SEARCH_PATHS = (
					"$(inherited)",
					"@executable_path/Frameworks",
					"@loader_path/Frameworks",
				);
				PRODUCT_BUNDLE_IDENTIFIER = com.boljonggo.OpenCVDemoUITests;
				PRODUCT_NAME = "$(TARGET_NAME)";
				TARGETED_DEVICE_FAMILY = "1,2";
				TEST_TARGET_NAME = OpenCVDemo;
			};
			name = Release;
		};
/* End XCBuildConfiguration section */

/* Begin XCConfigurationList section */
		8DC8359D2175F3050009423F /* Build configuration list for PBXProject "OpenCVDemo" */ = {
			isa = XCConfigurationList;
			buildConfigurations = (
				8DC835CC2175F3060009423F /* Debug */,
				8DC835CD2175F3060009423F /* Release */,
			);
			defaultConfigurationIsVisible = 0;
			defaultConfigurationName = Release;
		};
		8DC835CE2175F3060009423F /* Build configuration list for PBXNativeTarget "OpenCVDemo" */ = {
			isa = XCConfigurationList;
			buildConfigurations = (
				8DC835CF2175F3060009423F /* Debug */,
				8DC835D02175F3060009423F /* Release */,
			);
			defaultConfigurationIsVisible = 0;
			defaultConfigurationName = Release;
		};
		8DC835D12175F3060009423F /* Build configuration list for PBXNativeTarget "OpenCVDemoTests" */ = {
			isa = XCConfigurationList;
			buildConfigurations = (
				8DC835D22175F3060009423F /* Debug */,
				8DC835D32175F3060009423F /* Release */,
			);
			defaultConfigurationIsVisible = 0;
			defaultConfigurationName = Release;
		};
		8DC835D42175F3060009423F /* Build configuration list for PBXNativeTarget "OpenCVDemoUITests" */ = {
			isa = XCConfigurationList;
			buildConfigurations = (
				8DC835D52175F3060009423F /* Debug */,
				8DC835D62175F3060009423F /* Release */,
			);
			defaultConfigurationIsVisible = 0;
			defaultConfigurationName = Release;
		};
/* End XCConfigurationList section */
	};
	rootObject = 8DC8359A2175F3050009423F /* Project object */;
}
